// !$*UTF8*$!
{
	archiveVersion = 1;
	classes = {
	};
	objectVersion = 46;
	objects = {

/* Begin PBXBuildFile section */
		4FA0D31016E8C97100210476 /* UIKit.framework in Frameworks */ = {isa = PBXBuildFile; fileRef = 4FA0D30F16E8C97100210476 /* UIKit.framework */; };
		4FA0D31216E8C97100210476 /* Foundation.framework in Frameworks */ = {isa = PBXBuildFile; fileRef = 4FA0D31116E8C97100210476 /* Foundation.framework */; };
		4FA0D31416E8C97100210476 /* CoreGraphics.framework in Frameworks */ = {isa = PBXBuildFile; fileRef = 4FA0D31316E8C97100210476 /* CoreGraphics.framework */; };
		4FA0D31A16E8C97100210476 /* InfoPlist.strings in Resources */ = {isa = PBXBuildFile; fileRef = 4FA0D31816E8C97100210476 /* InfoPlist.strings */; };
		4FA0D31C16E8C97100210476 /* main.m in Sources */ = {isa = PBXBuildFile; fileRef = 4FA0D31B16E8C97100210476 /* main.m */; };
		4FA0D32016E8C97100210476 /* AppDelegate.m in Sources */ = {isa = PBXBuildFile; fileRef = 4FA0D31F16E8C97100210476 /* AppDelegate.m */; };
		4FA0D32216E8C97100210476 /* Default.png in Resources */ = {isa = PBXBuildFile; fileRef = 4FA0D32116E8C97100210476 /* Default.png */; };
		4FA0D32416E8C97100210476 /* Default@2x.png in Resources */ = {isa = PBXBuildFile; fileRef = 4FA0D32316E8C97100210476 /* Default@2x.png */; };
		4FA0D32616E8C97100210476 /* Default-568h@2x.png in Resources */ = {isa = PBXBuildFile; fileRef = 4FA0D32516E8C97100210476 /* Default-568h@2x.png */; };
		4FA0D32916E8C97100210476 /* ViewController.m in Sources */ = {isa = PBXBuildFile; fileRef = 4FA0D32816E8C97100210476 /* ViewController.m */; };
		4FA0D32C16E8C97100210476 /* ViewController.xib in Resources */ = {isa = PBXBuildFile; fileRef = 4FA0D32A16E8C97100210476 /* ViewController.xib */; };
		4FA0D33516E8C9B600210476 /* ZenEmptyObjectFilter.m in Sources */ = {isa = PBXBuildFile; fileRef = 4FA0D33416E8C9B600210476 /* ZenEmptyObjectFilter.m */; };
/* End PBXBuildFile section */

/* Begin PBXFileReference section */
		4FA0D30C16E8C97100210476 /* ZenEmptyObjectFilterDemo.app */ = {isa = PBXFileReference; explicitFileType = wrapper.application; includeInIndex = 0; path = ZenEmptyObjectFilterDemo.app; sourceTree = BUILT_PRODUCTS_DIR; };
		4FA0D30F16E8C97100210476 /* UIKit.framework */ = {isa = PBXFileReference; lastKnownFileType = wrapper.framework; name = UIKit.framework; path = System/Library/Frameworks/UIKit.framework; sourceTree = SDKROOT; };
		4FA0D31116E8C97100210476 /* Foundation.framework */ = {isa = PBXFileReference; lastKnownFileType = wrapper.framework; name = Foundation.framework; path = System/Library/Frameworks/Foundation.framework; sourceTree = SDKROOT; };
		4FA0D31316E8C97100210476 /* CoreGraphics.framework */ = {isa = PBXFileReference; lastKnownFileType = wrapper.framework; name = CoreGraphics.framework; path = System/Library/Frameworks/CoreGraphics.framework; sourceTree = SDKROOT; };
		4FA0D31716E8C97100210476 /* ZenEmptyObjectFilterDemo-Info.plist */ = {isa = PBXFileReference; lastKnownFileType = text.plist.xml; path = "ZenEmptyObjectFilterDemo-Info.plist"; sourceTree = "<group>"; };
		4FA0D31916E8C97100210476 /* en */ = {isa = PBXFileReference; lastKnownFileType = text.plist.strings; name = en; path = en.lproj/InfoPlist.strings; sourceTree = "<group>"; };
		4FA0D31B16E8C97100210476 /* main.m */ = {isa = PBXFileReference; lastKnownFileType = sourcecode.c.objc; path = main.m; sourceTree = "<group>"; };
		4FA0D31D16E8C97100210476 /* ZenEmptyObjectFilterDemo-Prefix.pch */ = {isa = PBXFileReference; lastKnownFileType = sourcecode.c.h; path = "ZenEmptyObjectFilterDemo-Prefix.pch"; sourceTree = "<group>"; };
		4FA0D31E16E8C97100210476 /* AppDelegate.h */ = {isa = PBXFileReference; lastKnownFileType = sourcecode.c.h; path = AppDelegate.h; sourceTree = "<group>"; };
		4FA0D31F16E8C97100210476 /* AppDelegate.m */ = {isa = PBXFileReference; lastKnownFileType = sourcecode.c.objc; path = AppDelegate.m; sourceTree = "<group>"; };
		4FA0D32116E8C97100210476 /* Default.png */ = {isa = PBXFileReference; lastKnownFileType = image.png; path = Default.png; sourceTree = "<group>"; };
		4FA0D32316E8C97100210476 /* Default@2x.png */ = {isa = PBXFileReference; lastKnownFileType = image.png; path = "Default@2x.png"; sourceTree = "<group>"; };
		4FA0D32516E8C97100210476 /* Default-568h@2x.png */ = {isa = PBXFileReference; lastKnownFileType = image.png; path = "Default-568h@2x.png"; sourceTree = "<group>"; };
		4FA0D32716E8C97100210476 /* ViewController.h */ = {isa = PBXFileReference; lastKnownFileType = sourcecode.c.h; path = ViewController.h; sourceTree = "<group>"; };
		4FA0D32816E8C97100210476 /* ViewController.m */ = {isa = PBXFileReference; lastKnownFileType = sourcecode.c.objc; path = ViewController.m; sourceTree = "<group>"; };
		4FA0D32B16E8C97100210476 /* en */ = {isa = PBXFileReference; lastKnownFileType = file.xib; name = en; path = en.lproj/ViewController.xib; sourceTree = "<group>"; };
		4FA0D33316E8C9B600210476 /* ZenEmptyObjectFilter.h */ = {isa = PBXFileReference; fileEncoding = 4; lastKnownFileType = sourcecode.c.h; path = ZenEmptyObjectFilter.h; sourceTree = "<group>"; };
		4FA0D33416E8C9B600210476 /* ZenEmptyObjectFilter.m */ = {isa = PBXFileReference; fileEncoding = 4; lastKnownFileType = sourcecode.c.objc; path = ZenEmptyObjectFilter.m; sourceTree = "<group>"; };
/* End PBXFileReference section */

/* Begin PBXFrameworksBuildPhase section */
		4FA0D30916E8C97100210476 /* Frameworks */ = {
			isa = PBXFrameworksBuildPhase;
			buildActionMask = 2147483647;
			files = (
				4FA0D31016E8C97100210476 /* UIKit.framework in Frameworks */,
				4FA0D31216E8C97100210476 /* Foundation.framework in Frameworks */,
				4FA0D31416E8C97100210476 /* CoreGraphics.framework in Frameworks */,
			);
			runOnlyForDeploymentPostprocessing = 0;
		};
/* End PBXFrameworksBuildPhase section */

/* Begin PBXGroup section */
		4FA0D30316E8C97100210476 = {
			isa = PBXGroup;
			children = (
				4FA0D33216E8C9B600210476 /* ZenEmptyObjectFilter */,
				4FA0D31516E8C97100210476 /* ZenEmptyObjectFilterDemo */,
				4FA0D30E16E8C97100210476 /* Frameworks */,
				4FA0D30D16E8C97100210476 /* Products */,
			);
			sourceTree = "<group>";
		};
		4FA0D30D16E8C97100210476 /* Products */ = {
			isa = PBXGroup;
			children = (
				4FA0D30C16E8C97100210476 /* ZenEmptyObjectFilterDemo.app */,
			);
			name = Products;
			sourceTree = "<group>";
		};
		4FA0D30E16E8C97100210476 /* Frameworks */ = {
			isa = PBXGroup;
			children = (
				4FA0D30F16E8C97100210476 /* UIKit.framework */,
				4FA0D31116E8C97100210476 /* Foundation.framework */,
				4FA0D31316E8C97100210476 /* CoreGraphics.framework */,
			);
			name = Frameworks;
			sourceTree = "<group>";
		};
		4FA0D31516E8C97100210476 /* ZenEmptyObjectFilterDemo */ = {
			isa = PBXGroup;
			children = (
				4FA0D31E16E8C97100210476 /* AppDelegate.h */,
				4FA0D31F16E8C97100210476 /* AppDelegate.m */,
				4FA0D32716E8C97100210476 /* ViewController.h */,
				4FA0D32816E8C97100210476 /* ViewController.m */,
				4FA0D32A16E8C97100210476 /* ViewController.xib */,
				4FA0D31616E8C97100210476 /* Supporting Files */,
			);
			path = ZenEmptyObjectFilterDemo;
			sourceTree = "<group>";
		};
		4FA0D31616E8C97100210476 /* Supporting Files */ = {
			isa = PBXGroup;
			children = (
				4FA0D31716E8C97100210476 /* ZenEmptyObjectFilterDemo-Info.plist */,
				4FA0D31816E8C97100210476 /* InfoPlist.strings */,
				4FA0D31B16E8C97100210476 /* main.m */,
				4FA0D31D16E8C97100210476 /* ZenEmptyObjectFilterDemo-Prefix.pch */,
				4FA0D32116E8C97100210476 /* Default.png */,
				4FA0D32316E8C97100210476 /* Default@2x.png */,
				4FA0D32516E8C97100210476 /* Default-568h@2x.png */,
			);
			name = "Supporting Files";
			sourceTree = "<group>";
		};
		4FA0D33216E8C9B600210476 /* ZenEmptyObjectFilter */ = {
			isa = PBXGroup;
			children = (
				4FA0D33316E8C9B600210476 /* ZenEmptyObjectFilter.h */,
				4FA0D33416E8C9B600210476 /* ZenEmptyObjectFilter.m */,
			);
			path = ZenEmptyObjectFilter;
			sourceTree = "<group>";
		};
/* End PBXGroup section */

/* Begin PBXNativeTarget section */
		4FA0D30B16E8C97100210476 /* ZenEmptyObjectFilterDemo */ = {
			isa = PBXNativeTarget;
			buildConfigurationList = 4FA0D32F16E8C97100210476 /* Build configuration list for PBXNativeTarget "ZenEmptyObjectFilterDemo" */;
			buildPhases = (
				4FA0D30816E8C97100210476 /* Sources */,
				4FA0D30916E8C97100210476 /* Frameworks */,
				4FA0D30A16E8C97100210476 /* Resources */,
			);
			buildRules = (
			);
			dependencies = (
			);
			name = ZenEmptyObjectFilterDemo;
			productName = ZenEmptyObjectFilterDemo;
			productReference = 4FA0D30C16E8C97100210476 /* ZenEmptyObjectFilterDemo.app */;
			productType = "com.apple.product-type.application";
		};
/* End PBXNativeTarget section */

/* Begin PBXProject section */
		4FA0D30416E8C97100210476 /* Project object */ = {
			isa = PBXProject;
			attributes = {
				LastUpgradeCheck = 0460;
				ORGANIZATIONNAME = zhenby;
			};
			buildConfigurationList = 4FA0D30716E8C97100210476 /* Build configuration list for PBXProject "ZenEmptyObjectFilterDemo" */;
			compatibilityVersion = "Xcode 3.2";
			developmentRegion = English;
			hasScannedForEncodings = 0;
			knownRegions = (
				en,
			);
			mainGroup = 4FA0D30316E8C97100210476;
			productRefGroup = 4FA0D30D16E8C97100210476 /* Products */;
			projectDirPath = "";
			projectRoot = "";
			targets = (
				4FA0D30B16E8C97100210476 /* ZenEmptyObjectFilterDemo */,
			);
		};
/* End PBXProject section */

/* Begin PBXResourcesBuildPhase section */
		4FA0D30A16E8C97100210476 /* Resources */ = {
			isa = PBXResourcesBuildPhase;
			buildActionMask = 2147483647;
			files = (
				4FA0D31A16E8C97100210476 /* InfoPlist.strings in Resources */,
				4FA0D32216E8C97100210476 /* Default.png in Resources */,
				4FA0D32416E8C97100210476 /* Default@2x.png in Resources */,
				4FA0D32616E8C97100210476 /* Default-568h@2x.png in Resources */,
				4FA0D32C16E8C97100210476 /* ViewController.xib in Resources */,
			);
			runOnlyForDeploymentPostprocessing = 0;
		};
/* End PBXResourcesBuildPhase section */

/* Begin PBXSourcesBuildPhase section */
		4FA0D30816E8C97100210476 /* Sources */ = {
			isa = PBXSourcesBuildPhase;
			buildActionMask = 2147483647;
			files = (
				4FA0D31C16E8C97100210476 /* main.m in Sources */,
				4FA0D32016E8C97100210476 /* AppDelegate.m in Sources */,
				4FA0D32916E8C97100210476 /* ViewController.m in Sources */,
				4FA0D33516E8C9B600210476 /* ZenEmptyObjectFilter.m in Sources */,
			);
			runOnlyForDeploymentPostprocessing = 0;
		};
/* End PBXSourcesBuildPhase section */

/* Begin PBXVariantGroup section */
		4FA0D31816E8C97100210476 /* InfoPlist.strings */ = {
			isa = PBXVariantGroup;
			children = (
				4FA0D31916E8C97100210476 /* en */,
			);
			name = InfoPlist.strings;
			sourceTree = "<group>";
		};
		4FA0D32A16E8C97100210476 /* ViewController.xib */ = {
			isa = PBXVariantGroup;
			children = (
				4FA0D32B16E8C97100210476 /* en */,
			);
			name = ViewController.xib;
			sourceTree = "<group>";
		};
/* End PBXVariantGroup section */

/* Begin XCBuildConfiguration section */
		4FA0D32D16E8C97100210476 /* Debug */ = {
			isa = XCBuildConfiguration;
			buildSettings = {
				ALWAYS_SEARCH_USER_PATHS = NO;
				CLANG_CXX_LANGUAGE_STANDARD = "gnu++0x";
				CLANG_CXX_LIBRARY = "libc++";
				CLANG_WARN_CONSTANT_CONVERSION = YES;
				CLANG_WARN_EMPTY_BODY = YES;
				CLANG_WARN_ENUM_CONVERSION = YES;
				CLANG_WARN_INT_CONVERSION = YES;
				CLANG_WARN__DUPLICATE_METHOD_MATCH = YES;
				"CODE_SIGN_IDENTITY[sdk=iphoneos*]" = "iPhone Developer";
				COPY_PHASE_STRIP = NO;
				GCC_C_LANGUAGE_STANDARD = gnu99;
				GCC_DYNAMIC_NO_PIC = NO;
				GCC_OPTIMIZATION_LEVEL = 0;
				GCC_PREPROCESSOR_DEFINITIONS = (
					"DEBUG=1",
					"$(inherited)",
				);
				GCC_SYMBOLS_PRIVATE_EXTERN = NO;
				GCC_WARN_ABOUT_RETURN_TYPE = YES;
				GCC_WARN_UNINITIALIZED_AUTOS = YES;
				GCC_WARN_UNUSED_VARIABLE = YES;
				IPHONEOS_DEPLOYMENT_TARGET = 6.1;
				ONLY_ACTIVE_ARCH = YES;
				SDKROOT = iphoneos;
			};
			name = Debug;
		};
		4FA0D32E16E8C97100210476 /* Release */ = {
			isa = XCBuildConfiguration;
			buildSettings = {
				ALWAYS_SEARCH_USER_PATHS = NO;
				CLANG_CXX_LANGUAGE_STANDARD = "gnu++0x";
				CLANG_CXX_LIBRARY = "libc++";
				CLANG_WARN_CONSTANT_CONVERSION = YES;
				CLANG_WARN_EMPTY_BODY = YES;
				CLANG_WARN_ENUM_CONVERSION = YES;
				CLANG_WARN_INT_CONVERSION = YES;
				CLANG_WARN__DUPLICATE_METHOD_MATCH = YES;
				"CODE_SIGN_IDENTITY[sdk=iphoneos*]" = "iPhone Developer";
				COPY_PHASE_STRIP = YES;
				GCC_C_LANGUAGE_STANDARD = gnu99;
				GCC_WARN_ABOUT_RETURN_TYPE = YES;
				GCC_WARN_UNINITIALIZED_AUTOS = YES;
				GCC_WARN_UNUSED_VARIABLE = YES;
				IPHONEOS_DEPLOYMENT_TARGET = 6.1;
				OTHER_CFLAGS = "-DNS_BLOCK_ASSERTIONS=1";
				SDKROOT = iphoneos;
				VALIDATE_PRODUCT = YES;
			};
			name = Release;
		};
		4FA0D33016E8C97100210476 /* Debug */ = {
			isa = XCBuildConfiguration;
			buildSettings = {
				GCC_PRECOMPILE_PREFIX_HEADER = YES;
				GCC_PREFIX_HEADER = "ZenEmptyObjectFilterDemo/ZenEmptyObjectFilterDemo-Prefix.pch";
				INFOPLIST_FILE = "ZenEmptyObjectFilterDemo/ZenEmptyObjectFilterDemo-Info.plist";
				IPHONEOS_DEPLOYMENT_TARGET = 5.0;
				PRODUCT_NAME = "$(TARGET_NAME)";
				WRAPPER_EXTENSION = app;
			};
			name = Debug;
		};
		4FA0D33116E8C97100210476 /* Release */ = {
			isa = XCBuildConfiguration;
			buildSettings = {
				GCC_PRECOMPILE_PREFIX_HEADER = YES;
				GCC_PREFIX_HEADER = "ZenEmptyObjectFilterDemo/ZenEmptyObjectFilterDemo-Prefix.pch";
				INFOPLIST_FILE = "ZenEmptyObjectFilterDemo/ZenEmptyObjectFilterDemo-Info.plist";
				IPHONEOS_DEPLOYMENT_TARGET = 5.0;
				PRODUCT_NAME = "$(TARGET_NAME)";
				WRAPPER_EXTENSION = app;
			};
			name = Release;
		};
/* End XCBuildConfiguration section */

/* Begin XCConfigurationList section */
		4FA0D30716E8C97100210476 /* Build configuration list for PBXProject "ZenEmptyObjectFilterDemo" */ = {
			isa = XCConfigurationList;
			buildConfigurations = (
				4FA0D32D16E8C97100210476 /* Debug */,
				4FA0D32E16E8C97100210476 /* Release */,
			);
			defaultConfigurationIsVisible = 0;
			defaultConfigurationName = Release;
		};
		4FA0D32F16E8C97100210476 /* Build configuration list for PBXNativeTarget "ZenEmptyObjectFilterDemo" */ = {
			isa = XCConfigurationList;
			buildConfigurations = (
				4FA0D33016E8C97100210476 /* Debug */,
				4FA0D33116E8C97100210476 /* Release */,
			);
			defaultConfigurationIsVisible = 0;
			defaultConfigurationName = Release;
		};
/* End XCConfigurationList section */
	};
	rootObject = 4FA0D30416E8C97100210476 /* Project object */;
}
